
Microsoft Visual Studio Solution File, Format Version 12.00
# Visual Studio 15
VisualStudioVersion = 15.0.27703.2000
MinimumVisualStudioVersion = 10.0.40219.1
Project("{FAE04EC0-301F-11D3-BF4B-00C04F79EFBC}") = "Range", "Range\Range.csproj", "{EA381727-00CF-40BC-8E70-ABF84886504D}"
EndProject
Project("{2150E333-8FDC-42A3-9474-1A3956D46DE8}") = "Solution Items", "Solution Items", "{A7A72E54-6D2E-41BD-BE97-C9D23C1F2A44}"
EndProject
Global
	GlobalSection(SolutionConfigurationPlatforms) = preSolution
		Debug|Any CPU = Debug|Any CPU
		Release|Any CPU = Release|Any CPU
	EndGlobalSection
	GlobalSection(ProjectConfigurationPlatforms) = postSolution
		{EA381727-00CF-40BC-8E70-ABF84886504D}.Debug|Any CPU.ActiveCfg = Debug|Any CPU
		{EA381727-00CF-40BC-8E70-ABF84886504D}.Debug|Any CPU.Build.0 = Debug|Any CPU
		{EA381727-00CF-40BC-8E70-ABF84886504D}.Release|Any CPU.ActiveCfg = Release|Any CPU
		{EA381727-00CF-40BC-8E70-ABF84886504D}.Release|Any CPU.Build.0 = Release|Any CPU
	EndGlobalSection
	GlobalSection(SolutionProperties) = preSolution
		HideSolutionNode = FALSE
	EndGlobalSection
	GlobalSection(ExtensibilityGlobals) = postSolution
		SolutionGuid = {1873D291-07BE-4EF0-84AE-B3AEE0858C69}
	EndGlobalSection
EndGlobal
